// !$*UTF8*$!
{
	archiveVersion = 1;
	classes = {
	};
	objectVersion = 56;
	objects = {

/* Begin PBXBuildFile section */
		3C335DA12BD4451F00BA314F /* GraphViewController+Delegate.swift in Sources */ = {isa = PBXBuildFile; fileRef = 3C335DA02BD4451F00BA314F /* GraphViewController+Delegate.swift */; };
		3C335DA32BD4457900BA314F /* GraphViewController+Joints.swift in Sources */ = {isa = PBXBuildFile; fileRef = 3C335DA22BD4457900BA314F /* GraphViewController+Joints.swift */; };
		3C433F722BD35CDB007D335F /* LookUpApp.swift in Sources */ = {isa = PBXBuildFile; fileRef = 3C433F712BD35CDB007D335F /* LookUpApp.swift */; };
		3C433F742BD35CDB007D335F /* ContentView.swift in Sources */ = {isa = PBXBuildFile; fileRef = 3C433F732BD35CDB007D335F /* ContentView.swift */; };
		3C433F762BD35CDC007D335F /* Assets.xcassets in Resources */ = {isa = PBXBuildFile; fileRef = 3C433F752BD35CDC007D335F /* Assets.xcassets */; };
		3C433F802BD35DE7007D335F /* ViewModel.swift in Sources */ = {isa = PBXBuildFile; fileRef = 3C433F7F2BD35DE7007D335F /* ViewModel.swift */; };
		3C433F822BD35DFE007D335F /* ViewModel+Contacts.swift in Sources */ = {isa = PBXBuildFile; fileRef = 3C433F812BD35DFE007D335F /* ViewModel+Contacts.swift */; };
		3C433F842BD36059007D335F /* StartupView.swift in Sources */ = {isa = PBXBuildFile; fileRef = 3C433F832BD36059007D335F /* StartupView.swift */; };
		3C433F862BD360AE007D335F /* Utilities.swift in Sources */ = {isa = PBXBuildFile; fileRef = 3C433F852BD360AE007D335F /* Utilities.swift */; };
		3C433F882BD360B2007D335F /* Utilities+Toolbar.swift in Sources */ = {isa = PBXBuildFile; fileRef = 3C433F872BD360B2007D335F /* Utilities+Toolbar.swift */; };
		3C433F8D2BD3770F007D335F /* Contact.swift in Sources */ = {isa = PBXBuildFile; fileRef = 3C433F8C2BD3770F007D335F /* Contact.swift */; };
		3C433F8F2BD37727007D335F /* ContactMetadata.swift in Sources */ = {isa = PBXBuildFile; fileRef = 3C433F8E2BD37727007D335F /* ContactMetadata.swift */; };
		3C433F922BD377D3007D335F /* CNContact+ContactMetadata.swift in Sources */ = {isa = PBXBuildFile; fileRef = 3C433F912BD377D3007D335F /* CNContact+ContactMetadata.swift */; };
		3C433F972BD37BAB007D335F /* Networking.swift in Sources */ = {isa = PBXBuildFile; fileRef = 3C433F962BD37BAB007D335F /* Networking.swift */; };
		3C433F992BD37C1F007D335F /* ContactDump.swift in Sources */ = {isa = PBXBuildFile; fileRef = 3C433F982BD37C1F007D335F /* ContactDump.swift */; };
		3C433F9B2BD37F86007D335F /* ViewModel+Upload.swift in Sources */ = {isa = PBXBuildFile; fileRef = 3C433F9A2BD37F86007D335F /* ViewModel+Upload.swift */; };
		3C433F9D2BD38741007D335F /* Graph.swift in Sources */ = {isa = PBXBuildFile; fileRef = 3C433F9C2BD38741007D335F /* Graph.swift */; };
		3C433F9F2BD3894C007D335F /* DummyData.swift in Sources */ = {isa = PBXBuildFile; fileRef = 3C433F9E2BD3894C007D335F /* DummyData.swift */; };
		3C433FA12BD3A44F007D335F /* GraphDebugView.swift in Sources */ = {isa = PBXBuildFile; fileRef = 3C433FA02BD3A44F007D335F /* GraphDebugView.swift */; };
		3C433FA32BD3ADB1007D335F /* GraphViewModel.swift in Sources */ = {isa = PBXBuildFile; fileRef = 3C433FA22BD3ADB1007D335F /* GraphViewModel.swift */; };
		3C433FA52BD3ADEE007D335F /* GraphViewController.swift in Sources */ = {isa = PBXBuildFile; fileRef = 3C433FA42BD3ADEE007D335F /* GraphViewController.swift */; };
		3C433FA72BD3AFD4007D335F /* GraphViewController+Render.swift in Sources */ = {isa = PBXBuildFile; fileRef = 3C433FA62BD3AFD4007D335F /* GraphViewController+Render.swift */; };
		3C433FAA2BD4255C007D335F /* GraphViewController+Setup.swift in Sources */ = {isa = PBXBuildFile; fileRef = 3C433FA92BD4255C007D335F /* GraphViewController+Setup.swift */; };
		3C433FAC2BD435C7007D335F /* GestureScrollView.swift in Sources */ = {isa = PBXBuildFile; fileRef = 3C433FAB2BD435C7007D335F /* GestureScrollView.swift */; };
		3C433FAE2BD4389B007D335F /* GraphViewController+Camera.swift in Sources */ = {isa = PBXBuildFile; fileRef = 3C433FAD2BD4389B007D335F /* GraphViewController+Camera.swift */; };
		3C8374702BD50DBC00ABB153 /* AnalysisView.swift in Sources */ = {isa = PBXBuildFile; fileRef = 3C83746F2BD50DBC00ABB153 /* AnalysisView.swift */; };
		3CA7011D2BD474470063771C /* CircleNode.swift in Sources */ = {isa = PBXBuildFile; fileRef = 3CA7011C2BD474470063771C /* CircleNode.swift */; };
		3CA7011F2BD475D80063771C /* GraphConstants.swift in Sources */ = {isa = PBXBuildFile; fileRef = 3CA7011E2BD475D80063771C /* GraphConstants.swift */; };
		3CA701212BD47DE60063771C /* GraphViewController+Hit.swift in Sources */ = {isa = PBXBuildFile; fileRef = 3CA701202BD47DE60063771C /* GraphViewController+Hit.swift */; };
		3CA701232BD47F380063771C /* GraphViewController+Listen.swift in Sources */ = {isa = PBXBuildFile; fileRef = 3CA701222BD47F380063771C /* GraphViewController+Listen.swift */; };
		3CA701412BD4C5C90063771C /* PermissionsView.swift in Sources */ = {isa = PBXBuildFile; fileRef = 3CA701402BD4C5C90063771C /* PermissionsView.swift */; };
		3CA701432BD4C5E40063771C /* SignupView.swift in Sources */ = {isa = PBXBuildFile; fileRef = 3CA701422BD4C5E40063771C /* SignupView.swift */; };
		3CA7014A2BD4DC1E0063771C /* MultipeerViewModel.swift in Sources */ = {isa = PBXBuildFile; fileRef = 3CA701492BD4DC1E0063771C /* MultipeerViewModel.swift */; };
		3CB69BD92BD4F00400E18A04 /* ConnectionView.swift in Sources */ = {isa = PBXBuildFile; fileRef = 3CB69BD82BD4F00400E18A04 /* ConnectionView.swift */; };
		3CB69BDB2BD4F1A500E18A04 /* CanvasView.swift in Sources */ = {isa = PBXBuildFile; fileRef = 3CB69BDA2BD4F1A500E18A04 /* CanvasView.swift */; };
/* End PBXBuildFile section */

/* Begin PBXFileReference section */
		3C335DA02BD4451F00BA314F /* GraphViewController+Delegate.swift */ = {isa = PBXFileReference; lastKnownFileType = sourcecode.swift; path = "GraphViewController+Delegate.swift"; sourceTree = "<group>"; };
		3C335DA22BD4457900BA314F /* GraphViewController+Joints.swift */ = {isa = PBXFileReference; lastKnownFileType = sourcecode.swift; path = "GraphViewController+Joints.swift"; sourceTree = "<group>"; };
		3C433F6E2BD35CDB007D335F /* LookUp.app */ = {isa = PBXFileReference; explicitFileType = wrapper.application; includeInIndex = 0; path = LookUp.app; sourceTree = BUILT_PRODUCTS_DIR; };
		3C433F712BD35CDB007D335F /* LookUpApp.swift */ = {isa = PBXFileReference; lastKnownFileType = sourcecode.swift; path = LookUpApp.swift; sourceTree = "<group>"; };
		3C433F732BD35CDB007D335F /* ContentView.swift */ = {isa = PBXFileReference; lastKnownFileType = sourcecode.swift; path = ContentView.swift; sourceTree = "<group>"; };
		3C433F752BD35CDC007D335F /* Assets.xcassets */ = {isa = PBXFileReference; lastKnownFileType = folder.assetcatalog; path = Assets.xcassets; sourceTree = "<group>"; };
		3C433F7F2BD35DE7007D335F /* ViewModel.swift */ = {isa = PBXFileReference; lastKnownFileType = sourcecode.swift; path = ViewModel.swift; sourceTree = "<group>"; };
		3C433F812BD35DFE007D335F /* ViewModel+Contacts.swift */ = {isa = PBXFileReference; lastKnownFileType = sourcecode.swift; path = "ViewModel+Contacts.swift"; sourceTree = "<group>"; };
		3C433F832BD36059007D335F /* StartupView.swift */ = {isa = PBXFileReference; lastKnownFileType = sourcecode.swift; path = StartupView.swift; sourceTree = "<group>"; };
		3C433F852BD360AE007D335F /* Utilities.swift */ = {isa = PBXFileReference; lastKnownFileType = sourcecode.swift; path = Utilities.swift; sourceTree = "<group>"; };
		3C433F872BD360B2007D335F /* Utilities+Toolbar.swift */ = {isa = PBXFileReference; lastKnownFileType = sourcecode.swift; path = "Utilities+Toolbar.swift"; sourceTree = "<group>"; };
		3C433F8C2BD3770F007D335F /* Contact.swift */ = {isa = PBXFileReference; lastKnownFileType = sourcecode.swift; path = Contact.swift; sourceTree = "<group>"; };
		3C433F8E2BD37727007D335F /* ContactMetadata.swift */ = {isa = PBXFileReference; lastKnownFileType = sourcecode.swift; path = ContactMetadata.swift; sourceTree = "<group>"; };
		3C433F912BD377D3007D335F /* CNContact+ContactMetadata.swift */ = {isa = PBXFileReference; lastKnownFileType = sourcecode.swift; path = "CNContact+ContactMetadata.swift"; sourceTree = "<group>"; };
		3C433F962BD37BAB007D335F /* Networking.swift */ = {isa = PBXFileReference; lastKnownFileType = sourcecode.swift; path = Networking.swift; sourceTree = "<group>"; };
		3C433F982BD37C1F007D335F /* ContactDump.swift */ = {isa = PBXFileReference; lastKnownFileType = sourcecode.swift; path = ContactDump.swift; sourceTree = "<group>"; };
		3C433F9A2BD37F86007D335F /* ViewModel+Upload.swift */ = {isa = PBXFileReference; lastKnownFileType = sourcecode.swift; path = "ViewModel+Upload.swift"; sourceTree = "<group>"; };
		3C433F9C2BD38741007D335F /* Graph.swift */ = {isa = PBXFileReference; lastKnownFileType = sourcecode.swift; path = Graph.swift; sourceTree = "<group>"; };
		3C433F9E2BD3894C007D335F /* DummyData.swift */ = {isa = PBXFileReference; lastKnownFileType = sourcecode.swift; path = DummyData.swift; sourceTree = "<group>"; };
		3C433FA02BD3A44F007D335F /* GraphDebugView.swift */ = {isa = PBXFileReference; lastKnownFileType = sourcecode.swift; path = GraphDebugView.swift; sourceTree = "<group>"; };
		3C433FA22BD3ADB1007D335F /* GraphViewModel.swift */ = {isa = PBXFileReference; lastKnownFileType = sourcecode.swift; path = GraphViewModel.swift; sourceTree = "<group>"; };
		3C433FA42BD3ADEE007D335F /* GraphViewController.swift */ = {isa = PBXFileReference; lastKnownFileType = sourcecode.swift; path = GraphViewController.swift; sourceTree = "<group>"; };
		3C433FA62BD3AFD4007D335F /* GraphViewController+Render.swift */ = {isa = PBXFileReference; lastKnownFileType = sourcecode.swift; path = "GraphViewController+Render.swift"; sourceTree = "<group>"; };
		3C433FA92BD4255C007D335F /* GraphViewController+Setup.swift */ = {isa = PBXFileReference; lastKnownFileType = sourcecode.swift; path = "GraphViewController+Setup.swift"; sourceTree = "<group>"; };
		3C433FAB2BD435C7007D335F /* GestureScrollView.swift */ = {isa = PBXFileReference; lastKnownFileType = sourcecode.swift; path = GestureScrollView.swift; sourceTree = "<group>"; };
		3C433FAD2BD4389B007D335F /* GraphViewController+Camera.swift */ = {isa = PBXFileReference; lastKnownFileType = sourcecode.swift; path = "GraphViewController+Camera.swift"; sourceTree = "<group>"; };
		3C83746F2BD50DBC00ABB153 /* AnalysisView.swift */ = {isa = PBXFileReference; lastKnownFileType = sourcecode.swift; path = AnalysisView.swift; sourceTree = "<group>"; };
		3CA7011B2BD4674F0063771C /* Info.plist */ = {isa = PBXFileReference; lastKnownFileType = text.plist; path = Info.plist; sourceTree = "<group>"; };
		3CA7011C2BD474470063771C /* CircleNode.swift */ = {isa = PBXFileReference; lastKnownFileType = sourcecode.swift; path = CircleNode.swift; sourceTree = "<group>"; };
		3CA7011E2BD475D80063771C /* GraphConstants.swift */ = {isa = PBXFileReference; lastKnownFileType = sourcecode.swift; path = GraphConstants.swift; sourceTree = "<group>"; };
		3CA701202BD47DE60063771C /* GraphViewController+Hit.swift */ = {isa = PBXFileReference; lastKnownFileType = sourcecode.swift; path = "GraphViewController+Hit.swift"; sourceTree = "<group>"; };
		3CA701222BD47F380063771C /* GraphViewController+Listen.swift */ = {isa = PBXFileReference; lastKnownFileType = sourcecode.swift; path = "GraphViewController+Listen.swift"; sourceTree = "<group>"; };
		3CA701402BD4C5C90063771C /* PermissionsView.swift */ = {isa = PBXFileReference; lastKnownFileType = sourcecode.swift; path = PermissionsView.swift; sourceTree = "<group>"; };
		3CA701422BD4C5E40063771C /* SignupView.swift */ = {isa = PBXFileReference; lastKnownFileType = sourcecode.swift; path = SignupView.swift; sourceTree = "<group>"; };
		3CA701492BD4DC1E0063771C /* MultipeerViewModel.swift */ = {isa = PBXFileReference; lastKnownFileType = sourcecode.swift; path = MultipeerViewModel.swift; sourceTree = "<group>"; };
		3CB69BD82BD4F00400E18A04 /* ConnectionView.swift */ = {isa = PBXFileReference; lastKnownFileType = sourcecode.swift; path = ConnectionView.swift; sourceTree = "<group>"; };
		3CB69BDA2BD4F1A500E18A04 /* CanvasView.swift */ = {isa = PBXFileReference; lastKnownFileType = sourcecode.swift; path = CanvasView.swift; sourceTree = "<group>"; };
/* End PBXFileReference section */

/* Begin PBXFrameworksBuildPhase section */
		3C433F6B2BD35CDB007D335F /* Frameworks */ = {
			isa = PBXFrameworksBuildPhase;
			buildActionMask = 2147483647;
			files = (
			);
			runOnlyForDeploymentPostprocessing = 0;
		};
/* End PBXFrameworksBuildPhase section */

/* Begin PBXGroup section */
		3C433F652BD35CDB007D335F = {
			isa = PBXGroup;
			children = (
				3C433F702BD35CDB007D335F /* LookUp */,
				3C433F6F2BD35CDB007D335F /* Products */,
			);
			sourceTree = "<group>";
		};
		3C433F6F2BD35CDB007D335F /* Products */ = {
			isa = PBXGroup;
			children = (
				3C433F6E2BD35CDB007D335F /* LookUp.app */,
			);
			name = Products;
			sourceTree = "<group>";
		};
		3C433F702BD35CDB007D335F /* LookUp */ = {
			isa = PBXGroup;
			children = (
				3CA7011B2BD4674F0063771C /* Info.plist */,
				3C433F712BD35CDB007D335F /* LookUpApp.swift */,
				3CA701482BD4DC1A0063771C /* Multipeer */,
				3C433F952BD37BA7007D335F /* Networking */,
				3C433F8B2BD37709007D335F /* Models */,
				3C433F892BD376F1007D335F /* ViewModel */,
				3C433F8A2BD376F5007D335F /* Views */,
				3C433FA82BD4235A007D335F /* Graph */,
				3C433F902BD377C9007D335F /* Extensions */,
				3C433F852BD360AE007D335F /* Utilities.swift */,
				3C433F872BD360B2007D335F /* Utilities+Toolbar.swift */,
				3C433F752BD35CDC007D335F /* Assets.xcassets */,
			);
			path = LookUp;
			sourceTree = "<group>";
		};
		3C433F892BD376F1007D335F /* ViewModel */ = {
			isa = PBXGroup;
			children = (
				3C433F7F2BD35DE7007D335F /* ViewModel.swift */,
				3C433F812BD35DFE007D335F /* ViewModel+Contacts.swift */,
				3C433F9A2BD37F86007D335F /* ViewModel+Upload.swift */,
			);
			path = ViewModel;
			sourceTree = "<group>";
		};
		3C433F8A2BD376F5007D335F /* Views */ = {
			isa = PBXGroup;
			children = (
				3C433F732BD35CDB007D335F /* ContentView.swift */,
				3C83746F2BD50DBC00ABB153 /* AnalysisView.swift */,
				3C433F832BD36059007D335F /* StartupView.swift */,
				3CA701422BD4C5E40063771C /* SignupView.swift */,
				3CA701402BD4C5C90063771C /* PermissionsView.swift */,
				3CB69BDA2BD4F1A500E18A04 /* CanvasView.swift */,
				3CB69BD82BD4F00400E18A04 /* ConnectionView.swift */,
			);
			path = Views;
			sourceTree = "<group>";
		};
		3C433F8B2BD37709007D335F /* Models */ = {
			isa = PBXGroup;
			children = (
				3C433F8C2BD3770F007D335F /* Contact.swift */,
				3C433F8E2BD37727007D335F /* ContactMetadata.swift */,
				3C433F9C2BD38741007D335F /* Graph.swift */,
				3C433F9E2BD3894C007D335F /* DummyData.swift */,
			);
			path = Models;
			sourceTree = "<group>";
		};
		3C433F902BD377C9007D335F /* Extensions */ = {
			isa = PBXGroup;
			children = (
				3C433F912BD377D3007D335F /* CNContact+ContactMetadata.swift */,
			);
			path = Extensions;
			sourceTree = "<group>";
		};
		3C433F952BD37BA7007D335F /* Networking */ = {
			isa = PBXGroup;
			children = (
				3C433F962BD37BAB007D335F /* Networking.swift */,
				3C433F982BD37C1F007D335F /* ContactDump.swift */,
			);
			path = Networking;
			sourceTree = "<group>";
		};
		3C433FA82BD4235A007D335F /* Graph */ = {
			isa = PBXGroup;
			children = (
				3CA7011E2BD475D80063771C /* GraphConstants.swift */,
				3C433FAB2BD435C7007D335F /* GestureScrollView.swift */,
				3C433FA22BD3ADB1007D335F /* GraphViewModel.swift */,
				3C433FA42BD3ADEE007D335F /* GraphViewController.swift */,
				3C433FA92BD4255C007D335F /* GraphViewController+Setup.swift */,
				3CA701222BD47F380063771C /* GraphViewController+Listen.swift */,
				3C335DA02BD4451F00BA314F /* GraphViewController+Delegate.swift */,
				3C433FA62BD3AFD4007D335F /* GraphViewController+Render.swift */,
				3C335DA22BD4457900BA314F /* GraphViewController+Joints.swift */,
				3C433FAD2BD4389B007D335F /* GraphViewController+Camera.swift */,
				3CA701202BD47DE60063771C /* GraphViewController+Hit.swift */,
				3CA7011C2BD474470063771C /* CircleNode.swift */,
				3C433FA02BD3A44F007D335F /* GraphDebugView.swift */,
			);
			path = Graph;
			sourceTree = "<group>";
		};
		3CA701482BD4DC1A0063771C /* Multipeer */ = {
			isa = PBXGroup;
			children = (
				3CA701492BD4DC1E0063771C /* MultipeerViewModel.swift */,
			);
			path = Multipeer;
			sourceTree = "<group>";
		};
/* End PBXGroup section */

/* Begin PBXNativeTarget section */
		3C433F6D2BD35CDB007D335F /* LookUp */ = {
			isa = PBXNativeTarget;
			buildConfigurationList = 3C433F7C2BD35CDC007D335F /* Build configuration list for PBXNativeTarget "LookUp" */;
			buildPhases = (
				3C433F6A2BD35CDB007D335F /* Sources */,
				3C433F6B2BD35CDB007D335F /* Frameworks */,
				3C433F6C2BD35CDB007D335F /* Resources */,
			);
			buildRules = (
			);
			dependencies = (
			);
			name = LookUp;
			productName = LookUp;
			productReference = 3C433F6E2BD35CDB007D335F /* LookUp.app */;
			productType = "com.apple.product-type.application";
		};
/* End PBXNativeTarget section */

/* Begin PBXProject section */
		3C433F662BD35CDB007D335F /* Project object */ = {
			isa = PBXProject;
			attributes = {
				BuildIndependentTargetsInParallel = 1;
				LastSwiftUpdateCheck = 1520;
				LastUpgradeCheck = 1520;
				TargetAttributes = {
					3C433F6D2BD35CDB007D335F = {
						CreatedOnToolsVersion = 15.2;
					};
				};
			};
			buildConfigurationList = 3C433F692BD35CDB007D335F /* Build configuration list for PBXProject "LookUp" */;
			compatibilityVersion = "Xcode 14.0";
			developmentRegion = en;
			hasScannedForEncodings = 0;
			knownRegions = (
				en,
				Base,
			);
			mainGroup = 3C433F652BD35CDB007D335F;
			productRefGroup = 3C433F6F2BD35CDB007D335F /* Products */;
			projectDirPath = "";
			projectRoot = "";
			targets = (
				3C433F6D2BD35CDB007D335F /* LookUp */,
			);
		};
/* End PBXProject section */

/* Begin PBXResourcesBuildPhase section */
		3C433F6C2BD35CDB007D335F /* Resources */ = {
			isa = PBXResourcesBuildPhase;
			buildActionMask = 2147483647;
			files = (
				3C433F762BD35CDC007D335F /* Assets.xcassets in Resources */,
			);
			runOnlyForDeploymentPostprocessing = 0;
		};
/* End PBXResourcesBuildPhase section */

/* Begin PBXSourcesBuildPhase section */
		3C433F6A2BD35CDB007D335F /* Sources */ = {
			isa = PBXSourcesBuildPhase;
			buildActionMask = 2147483647;
			files = (
				3C433F922BD377D3007D335F /* CNContact+ContactMetadata.swift in Sources */,
				3C433F972BD37BAB007D335F /* Networking.swift in Sources */,
				3C433F9D2BD38741007D335F /* Graph.swift in Sources */,
				3C433FA12BD3A44F007D335F /* GraphDebugView.swift in Sources */,
				3C335DA32BD4457900BA314F /* GraphViewController+Joints.swift in Sources */,
				3C433FA72BD3AFD4007D335F /* GraphViewController+Render.swift in Sources */,
				3C433F9F2BD3894C007D335F /* DummyData.swift in Sources */,
				3C433F8F2BD37727007D335F /* ContactMetadata.swift in Sources */,
				3CB69BDB2BD4F1A500E18A04 /* CanvasView.swift in Sources */,
				3C433F862BD360AE007D335F /* Utilities.swift in Sources */,
				3C433F742BD35CDB007D335F /* ContentView.swift in Sources */,
				3CA701212BD47DE60063771C /* GraphViewController+Hit.swift in Sources */,
				3C433F822BD35DFE007D335F /* ViewModel+Contacts.swift in Sources */,
				3C433FA32BD3ADB1007D335F /* GraphViewModel.swift in Sources */,
				3C8374702BD50DBC00ABB153 /* AnalysisView.swift in Sources */,
				3C433F992BD37C1F007D335F /* ContactDump.swift in Sources */,
				3C433FA52BD3ADEE007D335F /* GraphViewController.swift in Sources */,
				3C433F802BD35DE7007D335F /* ViewModel.swift in Sources */,
				3C433F8D2BD3770F007D335F /* Contact.swift in Sources */,
				3C433F842BD36059007D335F /* StartupView.swift in Sources */,
				3C433FAE2BD4389B007D335F /* GraphViewController+Camera.swift in Sources */,
				3CA7011D2BD474470063771C /* CircleNode.swift in Sources */,
				3CA701232BD47F380063771C /* GraphViewController+Listen.swift in Sources */,
				3C433F9B2BD37F86007D335F /* ViewModel+Upload.swift in Sources */,
				3CA7014A2BD4DC1E0063771C /* MultipeerViewModel.swift in Sources */,
				3CA7011F2BD475D80063771C /* GraphConstants.swift in Sources */,
				3CA701412BD4C5C90063771C /* PermissionsView.swift in Sources */,
				3CA701432BD4C5E40063771C /* SignupView.swift in Sources */,
				3CB69BD92BD4F00400E18A04 /* ConnectionView.swift in Sources */,
				3C335DA12BD4451F00BA314F /* GraphViewController+Delegate.swift in Sources */,
				3C433FAC2BD435C7007D335F /* GestureScrollView.swift in Sources */,
				3C433F722BD35CDB007D335F /* LookUpApp.swift in Sources */,
				3C433F882BD360B2007D335F /* Utilities+Toolbar.swift in Sources */,
				3C433FAA2BD4255C007D335F /* GraphViewController+Setup.swift in Sources */,
			);
			runOnlyForDeploymentPostprocessing = 0;
		};
/* End PBXSourcesBuildPhase section */

/* Begin XCBuildConfiguration section */
		3C433F7A2BD35CDC007D335F /* Debug */ = {
			isa = XCBuildConfiguration;
			buildSettings = {
				ALWAYS_SEARCH_USER_PATHS = NO;
				ASSETCATALOG_COMPILER_GENERATE_SWIFT_ASSET_SYMBOL_EXTENSIONS = YES;
				CLANG_ANALYZER_NONNULL = YES;
				CLANG_ANALYZER_NUMBER_OBJECT_CONVERSION = YES_AGGRESSIVE;
				CLANG_CXX_LANGUAGE_STANDARD = "gnu++20";
				CLANG_ENABLE_MODULES = YES;
				CLANG_ENABLE_OBJC_ARC = YES;
				CLANG_ENABLE_OBJC_WEAK = YES;
				CLANG_WARN_BLOCK_CAPTURE_AUTORELEASING = YES;
				CLANG_WARN_BOOL_CONVERSION = YES;
				CLANG_WARN_COMMA = YES;
				CLANG_WARN_CONSTANT_CONVERSION = YES;
				CLANG_WARN_DEPRECATED_OBJC_IMPLEMENTATIONS = YES;
				CLANG_WARN_DIRECT_OBJC_ISA_USAGE = YES_ERROR;
				CLANG_WARN_DOCUMENTATION_COMMENTS = YES;
				CLANG_WARN_EMPTY_BODY = YES;
				CLANG_WARN_ENUM_CONVERSION = YES;
				CLANG_WARN_INFINITE_RECURSION = YES;
				CLANG_WARN_INT_CONVERSION = YES;
				CLANG_WARN_NON_LITERAL_NULL_CONVERSION = YES;
				CLANG_WARN_OBJC_IMPLICIT_RETAIN_SELF = YES;
				CLANG_WARN_OBJC_LITERAL_CONVERSION = YES;
				CLANG_WARN_OBJC_ROOT_CLASS = YES_ERROR;
				CLANG_WARN_QUOTED_INCLUDE_IN_FRAMEWORK_HEADER = YES;
				CLANG_WARN_RANGE_LOOP_ANALYSIS = YES;
				CLANG_WARN_STRICT_PROTOTYPES = YES;
				CLANG_WARN_SUSPICIOUS_MOVE = YES;
				CLANG_WARN_UNGUARDED_AVAILABILITY = YES_AGGRESSIVE;
				CLANG_WARN_UNREACHABLE_CODE = YES;
				CLANG_WARN__DUPLICATE_METHOD_MATCH = YES;
				COPY_PHASE_STRIP = NO;
				DEBUG_INFORMATION_FORMAT = dwarf;
				ENABLE_STRICT_OBJC_MSGSEND = YES;
				ENABLE_TESTABILITY = YES;
				ENABLE_USER_SCRIPT_SANDBOXING = YES;
				GCC_C_LANGUAGE_STANDARD = gnu17;
				GCC_DYNAMIC_NO_PIC = NO;
				GCC_NO_COMMON_BLOCKS = YES;
				GCC_OPTIMIZATION_LEVEL = 0;
				GCC_PREPROCESSOR_DEFINITIONS = (
					"DEBUG=1",
					"$(inherited)",
				);
				GCC_WARN_64_TO_32_BIT_CONVERSION = YES;
				GCC_WARN_ABOUT_RETURN_TYPE = YES_ERROR;
				GCC_WARN_UNDECLARED_SELECTOR = YES;
				GCC_WARN_UNINITIALIZED_AUTOS = YES_AGGRESSIVE;
				GCC_WARN_UNUSED_FUNCTION = YES;
				GCC_WARN_UNUSED_VARIABLE = YES;
				IPHONEOS_DEPLOYMENT_TARGET = 17.2;
				LOCALIZATION_PREFERS_STRING_CATALOGS = YES;
				MTL_ENABLE_DEBUG_INFO = INCLUDE_SOURCE;
				MTL_FAST_MATH = YES;
				ONLY_ACTIVE_ARCH = YES;
				SDKROOT = iphoneos;
				SWIFT_ACTIVE_COMPILATION_CONDITIONS = "DEBUG $(inherited)";
				SWIFT_OPTIMIZATION_LEVEL = "-Onone";
			};
			name = Debug;
		};
		3C433F7B2BD35CDC007D335F /* Release */ = {
			isa = XCBuildConfiguration;
			buildSettings = {
				ALWAYS_SEARCH_USER_PATHS = NO;
				ASSETCATALOG_COMPILER_GENERATE_SWIFT_ASSET_SYMBOL_EXTENSIONS = YES;
				CLANG_ANALYZER_NONNULL = YES;
				CLANG_ANALYZER_NUMBER_OBJECT_CONVERSION = YES_AGGRESSIVE;
				CLANG_CXX_LANGUAGE_STANDARD = "gnu++20";
				CLANG_ENABLE_MODULES = YES;
				CLANG_ENABLE_OBJC_ARC = YES;
				CLANG_ENABLE_OBJC_WEAK = YES;
				CLANG_WARN_BLOCK_CAPTURE_AUTORELEASING = YES;
				CLANG_WARN_BOOL_CONVERSION = YES;
				CLANG_WARN_COMMA = YES;
				CLANG_WARN_CONSTANT_CONVERSION = YES;
				CLANG_WARN_DEPRECATED_OBJC_IMPLEMENTATIONS = YES;
				CLANG_WARN_DIRECT_OBJC_ISA_USAGE = YES_ERROR;
				CLANG_WARN_DOCUMENTATION_COMMENTS = YES;
				CLANG_WARN_EMPTY_BODY = YES;
				CLANG_WARN_ENUM_CONVERSION = YES;
				CLANG_WARN_INFINITE_RECURSION = YES;
				CLANG_WARN_INT_CONVERSION = YES;
				CLANG_WARN_NON_LITERAL_NULL_CONVERSION = YES;
				CLANG_WARN_OBJC_IMPLICIT_RETAIN_SELF = YES;
				CLANG_WARN_OBJC_LITERAL_CONVERSION = YES;
				CLANG_WARN_OBJC_ROOT_CLASS = YES_ERROR;
				CLANG_WARN_QUOTED_INCLUDE_IN_FRAMEWORK_HEADER = YES;
				CLANG_WARN_RANGE_LOOP_ANALYSIS = YES;
				CLANG_WARN_STRICT_PROTOTYPES = YES;
				CLANG_WARN_SUSPICIOUS_MOVE = YES;
				CLANG_WARN_UNGUARDED_AVAILABILITY = YES_AGGRESSIVE;
				CLANG_WARN_UNREACHABLE_CODE = YES;
				CLANG_WARN__DUPLICATE_METHOD_MATCH = YES;
				COPY_PHASE_STRIP = NO;
				DEBUG_INFORMATION_FORMAT = "dwarf-with-dsym";
				ENABLE_NS_ASSERTIONS = NO;
				ENABLE_STRICT_OBJC_MSGSEND = YES;
				ENABLE_USER_SCRIPT_SANDBOXING = YES;
				GCC_C_LANGUAGE_STANDARD = gnu17;
				GCC_NO_COMMON_BLOCKS = YES;
				GCC_WARN_64_TO_32_BIT_CONVERSION = YES;
				GCC_WARN_ABOUT_RETURN_TYPE = YES_ERROR;
				GCC_WARN_UNDECLARED_SELECTOR = YES;
				GCC_WARN_UNINITIALIZED_AUTOS = YES_AGGRESSIVE;
				GCC_WARN_UNUSED_FUNCTION = YES;
				GCC_WARN_UNUSED_VARIABLE = YES;
				IPHONEOS_DEPLOYMENT_TARGET = 17.2;
				LOCALIZATION_PREFERS_STRING_CATALOGS = YES;
				MTL_ENABLE_DEBUG_INFO = NO;
				MTL_FAST_MATH = YES;
				SDKROOT = iphoneos;
				SWIFT_COMPILATION_MODE = wholemodule;
				VALIDATE_PRODUCT = YES;
			};
			name = Release;
		};
		3C433F7D2BD35CDC007D335F /* Debug */ = {
			isa = XCBuildConfiguration;
			buildSettings = {
				ASSETCATALOG_COMPILER_APPICON_NAME = AppIcon;
				ASSETCATALOG_COMPILER_GLOBAL_ACCENT_COLOR_NAME = AccentColor;
				CODE_SIGN_STYLE = Automatic;
				CURRENT_PROJECT_VERSION = 3;
				DEVELOPMENT_TEAM = WV6XDLHK3W;
				ENABLE_PREVIEWS = YES;
				GENERATE_INFOPLIST_FILE = YES;
				INFOPLIST_FILE = LookUp/Info.plist;
				INFOPLIST_KEY_CFBundleDisplayName = "6 Degrees";
				INFOPLIST_KEY_NSContactsUsageDescription = "See your social graph!";
				INFOPLIST_KEY_NSNearbyInteractionAllowOnceUsageDescription = "Discover nearby devices";
				INFOPLIST_KEY_NSNearbyInteractionUsageDescription = "Discover devices that are close to you";
				INFOPLIST_KEY_UIApplicationSceneManifest_Generation = YES;
				INFOPLIST_KEY_UIApplicationSupportsIndirectInputEvents = YES;
				INFOPLIST_KEY_UILaunchScreen_Generation = YES;
				INFOPLIST_KEY_UISupportedInterfaceOrientations_iPad = "UIInterfaceOrientationPortrait UIInterfaceOrientationPortraitUpsideDown UIInterfaceOrientationLandscapeLeft UIInterfaceOrientationLandscapeRight";
				INFOPLIST_KEY_UISupportedInterfaceOrientations_iPhone = "UIInterfaceOrientationPortrait UIInterfaceOrientationLandscapeLeft UIInterfaceOrientationLandscapeRight";
				LD_RUNPATH_SEARCH_PATHS = (
					"$(inherited)",
					"@executable_path/Frameworks",
				);
				MARKETING_VERSION = 1.0;
				PRODUCT_BUNDLE_IDENTIFIER = app.getfind.LookUp;
				PRODUCT_NAME = "$(TARGET_NAME)";
				SWIFT_EMIT_LOC_STRINGS = YES;
				SWIFT_VERSION = 5.0;
				TARGETED_DEVICE_FAMILY = "1,2";
			};
			name = Debug;
		};
		3C433F7E2BD35CDC007D335F /* Release */ = {
			isa = XCBuildConfiguration;
			buildSettings = {
				ASSETCATALOG_COMPILER_APPICON_NAME = AppIcon;
				ASSETCATALOG_COMPILER_GLOBAL_ACCENT_COLOR_NAME = AccentColor;
				CODE_SIGN_STYLE = Automatic;
				CURRENT_PROJECT_VERSION = 3;
				DEVELOPMENT_TEAM = WV6XDLHK3W;
				ENABLE_PREVIEWS = YES;
				GENERATE_INFOPLIST_FILE = YES;
				INFOPLIST_FILE = LookUp/Info.plist;
				INFOPLIST_KEY_CFBundleDisplayName = "6 Degrees";
				INFOPLIST_KEY_NSContactsUsageDescription = "See your social graph!";
				INFOPLIST_KEY_NSNearbyInteractionAllowOnceUsageDescription = "Discover nearby devices";
				INFOPLIST_KEY_NSNearbyInteractionUsageDescription = "Discover devices that are close to you";
				INFOPLIST_KEY_UIApplicationSceneManifest_Generation = YES;
				INFOPLIST_KEY_UIApplicationSupportsIndirectInputEvents = YES;
				INFOPLIST_KEY_UILaunchScreen_Generation = YES;
				INFOPLIST_KEY_UISupportedInterfaceOrientations_iPad = "UIInterfaceOrientationPortrait UIInterfaceOrientationPortraitUpsideDown UIInterfaceOrientationLandscapeLeft UIInterfaceOrientationLandscapeRight";
				INFOPLIST_KEY_UISupportedInterfaceOrientations_iPhone = "UIInterfaceOrientationPortrait UIInterfaceOrientationLandscapeLeft UIInterfaceOrientationLandscapeRight";
				LD_RUNPATH_SEARCH_PATHS = (
					"$(inherited)",
					"@executable_path/Frameworks",
				);
				MARKETING_VERSION = 1.0;
				PRODUCT_BUNDLE_IDENTIFIER = app.getfind.LookUp;
				PRODUCT_NAME = "$(TARGET_NAME)";
				SWIFT_EMIT_LOC_STRINGS = YES;
				SWIFT_VERSION = 5.0;
				TARGETED_DEVICE_FAMILY = "1,2";
			};
			name = Release;
		};
/* End XCBuildConfiguration section */

/* Begin XCConfigurationList section */
		3C433F692BD35CDB007D335F /* Build configuration list for PBXProject "LookUp" */ = {
			isa = XCConfigurationList;
			buildConfigurations = (
				3C433F7A2BD35CDC007D335F /* Debug */,
				3C433F7B2BD35CDC007D335F /* Release */,
			);
			defaultConfigurationIsVisible = 0;
			defaultConfigurationName = Release;
		};
		3C433F7C2BD35CDC007D335F /* Build configuration list for PBXNativeTarget "LookUp" */ = {
			isa = XCConfigurationList;
			buildConfigurations = (
				3C433F7D2BD35CDC007D335F /* Debug */,
				3C433F7E2BD35CDC007D335F /* Release */,
			);
			defaultConfigurationIsVisible = 0;
			defaultConfigurationName = Release;
		};
/* End XCConfigurationList section */
	};
	rootObject = 3C433F662BD35CDB007D335F /* Project object */;
}
